
Microsoft Visual Studio Solution File, Format Version 12.00
# Visual Studio 2012
VisualStudioVersion = 14.0.24720.0
MinimumVisualStudioVersion = 10.0.40219.1
Project("{FAE04EC0-301F-11D3-BF4B-00C04F79EFBC}") = "WeatherApp (Android)", "WeatherApp\WeatherApp (Android).csproj", "{4B5560B1-7805-4A3E-92AE-098F25C45DDA}"
EndProject
Project("{FAE04EC0-301F-11D3-BF4B-00C04F79EFBC}") = "WeatherAppWindows", "WeatherAppWindows\WeatherAppWindows.csproj", "{EE60CF55-EFCD-4981-B1F5-927E5AD381EF}"
EndProject
Project("{D954291E-2A0B-460D-934E-DC6B0785DB48}") = "Shared", "Shared\Shared.shproj", "{3F6C8C89-67C5-42F8-B2C2-7B56BEDDBA66}"
EndProject
Project("{FAE04EC0-301F-11D3-BF4B-00C04F79EFBC}") = "WeatherAppiPhone", "WeatherAppiPhone\WeatherAppiPhone.csproj", "{5F3DA434-6CAC-4EF0-89E6-0D37C0949657}"
EndProject
Global
	GlobalSection(SolutionConfigurationPlatforms) = preSolution
		Ad-Hoc|Any CPU = Ad-Hoc|Any CPU
		Ad-Hoc|ARM = Ad-Hoc|ARM
		Ad-Hoc|iPhone = Ad-Hoc|iPhone
		Ad-Hoc|iPhoneSimulator = Ad-Hoc|iPhoneSimulator
		Ad-Hoc|x64 = Ad-Hoc|x64
		Ad-Hoc|x86 = Ad-Hoc|x86
		AppStore|Any CPU = AppStore|Any CPU
		AppStore|ARM = AppStore|ARM
		AppStore|iPhone = AppStore|iPhone
		AppStore|iPhoneSimulator = AppStore|iPhoneSimulator
		AppStore|x64 = AppStore|x64
		AppStore|x86 = AppStore|x86
		Debug|Any CPU = Debug|Any CPU
		Debug|ARM = Debug|ARM
		Debug|iPhone = Debug|iPhone
		Debug|iPhoneSimulator = Debug|iPhoneSimulator
		Debug|x64 = Debug|x64
		Debug|x86 = Debug|x86
		Release|Any CPU = Release|Any CPU
		Release|ARM = Release|ARM
		Release|iPhone = Release|iPhone
		Release|iPhoneSimulator = Release|iPhoneSimulator
		Release|x64 = Release|x64
		Release|x86 = Release|x86
	EndGlobalSection
	GlobalSection(ProjectConfigurationPlatforms) = postSolution
		{4B5560B1-7805-4A3E-92AE-098F25C45DDA}.Ad-Hoc|Any CPU.ActiveCfg = Release|Any CPU
		{4B5560B1-7805-4A3E-92AE-098F25C45DDA}.Ad-Hoc|Any CPU.Build.0 = Release|Any CPU
		{4B5560B1-7805-4A3E-92AE-098F25C45DDA}.Ad-Hoc|Any CPU.Deploy.0 = Release|Any CPU
		{4B5560B1-7805-4A3E-92AE-098F25C45DDA}.Ad-Hoc|ARM.ActiveCfg = Release|Any CPU
		{4B5560B1-7805-4A3E-92AE-098F25C45DDA}.Ad-Hoc|ARM.Build.0 = Release|Any CPU
		{4B5560B1-7805-4A3E-92AE-098F25C45DDA}.Ad-Hoc|ARM.Deploy.0 = Release|Any CPU
		{4B5560B1-7805-4A3E-92AE-098F25C45DDA}.Ad-Hoc|iPhone.ActiveCfg = Release|Any CPU
		{4B5560B1-7805-4A3E-92AE-098F25C45DDA}.Ad-Hoc|iPhone.Build.0 = Release|Any CPU
		{4B5560B1-7805-4A3E-92AE-098F25C45DDA}.Ad-Hoc|iPhone.Deploy.0 = Release|Any CPU
		{4B5560B1-7805-4A3E-92AE-098F25C45DDA}.Ad-Hoc|iPhoneSimulator.ActiveCfg = Release|Any CPU
		{4B5560B1-7805-4A3E-92AE-098F25C45DDA}.Ad-Hoc|iPhoneSimulator.Build.0 = Release|Any CPU
		{4B5560B1-7805-4A3E-92AE-098F25C45DDA}.Ad-Hoc|iPhoneSimulator.Deploy.0 = Release|Any CPU
		{4B5560B1-7805-4A3E-92AE-098F25C45DDA}.Ad-Hoc|x64.ActiveCfg = Release|x64
		{4B5560B1-7805-4A3E-92AE-098F25C45DDA}.Ad-Hoc|x64.Build.0 = Release|x64
		{4B5560B1-7805-4A3E-92AE-098F25C45DDA}.Ad-Hoc|x64.Deploy.0 = Release|x64
		{4B5560B1-7805-4A3E-92AE-098F25C45DDA}.Ad-Hoc|x86.ActiveCfg = Release|Any CPU
		{4B5560B1-7805-4A3E-92AE-098F25C45DDA}.Ad-Hoc|x86.Build.0 = Release|Any CPU
		{4B5560B1-7805-4A3E-92AE-098F25C45DDA}.Ad-Hoc|x86.Deploy.0 = Release|Any CPU
		{4B5560B1-7805-4A3E-92AE-098F25C45DDA}.AppStore|Any CPU.ActiveCfg = Release|Any CPU
		{4B5560B1-7805-4A3E-92AE-098F25C45DDA}.AppStore|Any CPU.Build.0 = Release|Any CPU
		{4B5560B1-7805-4A3E-92AE-098F25C45DDA}.AppStore|Any CPU.Deploy.0 = Release|Any CPU
		{4B5560B1-7805-4A3E-92AE-098F25C45DDA}.AppStore|ARM.ActiveCfg = Release|Any CPU
		{4B5560B1-7805-4A3E-92AE-098F25C45DDA}.AppStore|ARM.Build.0 = Release|Any CPU
		{4B5560B1-7805-4A3E-92AE-098F25C45DDA}.AppStore|ARM.Deploy.0 = Release|Any CPU
		{4B5560B1-7805-4A3E-92AE-098F25C45DDA}.AppStore|iPhone.ActiveCfg = Release|Any CPU
		{4B5560B1-7805-4A3E-92AE-098F25C45DDA}.AppStore|iPhone.Build.0 = Release|Any CPU
		{4B5560B1-7805-4A3E-92AE-098F25C45DDA}.AppStore|iPhone.Deploy.0 = Release|Any CPU
		{4B5560B1-7805-4A3E-92AE-098F25C45DDA}.AppStore|iPhoneSimulator.ActiveCfg = Release|Any CPU
		{4B5560B1-7805-4A3E-92AE-098F25C45DDA}.AppStore|iPhoneSimulator.Build.0 = Release|Any CPU
		{4B5560B1-7805-4A3E-92AE-098F25C45DDA}.AppStore|iPhoneSimulator.Deploy.0 = Release|Any CPU
		{4B5560B1-7805-4A3E-92AE-098F25C45DDA}.AppStore|x64.ActiveCfg = Release|x64
		{4B5560B1-7805-4A3E-92AE-098F25C45DDA}.AppStore|x64.Build.0 = Release|x64
		{4B5560B1-7805-4A3E-92AE-098F25C45DDA}.AppStore|x64.Deploy.0 = Release|x64
		{4B5560B1-7805-4A3E-92AE-098F25C45DDA}.AppStore|x86.ActiveCfg = Release|Any CPU
		{4B5560B1-7805-4A3E-92AE-098F25C45DDA}.AppStore|x86.Build.0 = Release|Any CPU
		{4B5560B1-7805-4A3E-92AE-098F25C45DDA}.AppStore|x86.Deploy.0 = Release|Any CPU
		{4B5560B1-7805-4A3E-92AE-098F25C45DDA}.Debug|Any CPU.ActiveCfg = Debug|Any CPU
		{4B5560B1-7805-4A3E-92AE-098F25C45DDA}.Debug|Any CPU.Build.0 = Debug|Any CPU
		{4B5560B1-7805-4A3E-92AE-098F25C45DDA}.Debug|Any CPU.Deploy.0 = Debug|Any CPU
		{4B5560B1-7805-4A3E-92AE-098F25C45DDA}.Debug|ARM.ActiveCfg = Debug|Any CPU
		{4B5560B1-7805-4A3E-92AE-098F25C45DDA}.Debug|ARM.Build.0 = Debug|Any CPU
		{4B5560B1-7805-4A3E-92AE-098F25C45DDA}.Debug|ARM.Deploy.0 = Debug|Any CPU
		{4B5560B1-7805-4A3E-92AE-098F25C45DDA}.Debug|iPhone.ActiveCfg = Debug|Any CPU
		{4B5560B1-7805-4A3E-92AE-098F25C45DDA}.Debug|iPhone.Build.0 = Debug|Any CPU
		{4B5560B1-7805-4A3E-92AE-098F25C45DDA}.Debug|iPhone.Deploy.0 = Debug|Any CPU
		{4B5560B1-7805-4A3E-92AE-098F25C45DDA}.Debug|iPhoneSimulator.ActiveCfg = Debug|Any CPU
		{4B5560B1-7805-4A3E-92AE-098F25C45DDA}.Debug|iPhoneSimulator.Build.0 = Debug|Any CPU
		{4B5560B1-7805-4A3E-92AE-098F25C45DDA}.Debug|iPhoneSimulator.Deploy.0 = Debug|Any CPU
		{4B5560B1-7805-4A3E-92AE-098F25C45DDA}.Debug|x64.ActiveCfg = Debug|x64
		{4B5560B1-7805-4A3E-92AE-098F25C45DDA}.Debug|x64.Build.0 = Debug|x64
		{4B5560B1-7805-4A3E-92AE-098F25C45DDA}.Debug|x64.Deploy.0 = Debug|x64
		{4B5560B1-7805-4A3E-92AE-098F25C45DDA}.Debug|x86.ActiveCfg = Debug|Any CPU
		{4B5560B1-7805-4A3E-92AE-098F25C45DDA}.Debug|x86.Build.0 = Debug|Any CPU
		{4B5560B1-7805-4A3E-92AE-098F25C45DDA}.Debug|x86.Deploy.0 = Debug|Any CPU
		{4B5560B1-7805-4A3E-92AE-098F25C45DDA}.Release|Any CPU.ActiveCfg = Release|Any CPU
		{4B5560B1-7805-4A3E-92AE-098F25C45DDA}.Release|Any CPU.Build.0 = Release|Any CPU
		{4B5560B1-7805-4A3E-92AE-098F25C45DDA}.Release|Any CPU.Deploy.0 = Release|Any CPU
		{4B5560B1-7805-4A3E-92AE-098F25C45DDA}.Release|ARM.ActiveCfg = Release|Any CPU
		{4B5560B1-7805-4A3E-92AE-098F25C45DDA}.Release|ARM.Build.0 = Release|Any CPU
		{4B5560B1-7805-4A3E-92AE-098F25C45DDA}.Release|ARM.Deploy.0 = Release|Any CPU
		{4B5560B1-7805-4A3E-92AE-098F25C45DDA}.Release|iPhone.ActiveCfg = Release|Any CPU
		{4B5560B1-7805-4A3E-92AE-098F25C45DDA}.Release|iPhone.Build.0 = Release|Any CPU
		{4B5560B1-7805-4A3E-92AE-098F25C45DDA}.Release|iPhone.Deploy.0 = Release|Any CPU
		{4B5560B1-7805-4A3E-92AE-098F25C45DDA}.Release|iPhoneSimulator.ActiveCfg = Release|Any CPU
		{4B5560B1-7805-4A3E-92AE-098F25C45DDA}.Release|iPhoneSimulator.Build.0 = Release|Any CPU
		{4B5560B1-7805-4A3E-92AE-098F25C45DDA}.Release|iPhoneSimulator.Deploy.0 = Release|Any CPU
		{4B5560B1-7805-4A3E-92AE-098F25C45DDA}.Release|x64.ActiveCfg = Release|x64
		{4B5560B1-7805-4A3E-92AE-098F25C45DDA}.Release|x64.Build.0 = Release|x64
		{4B5560B1-7805-4A3E-92AE-098F25C45DDA}.Release|x64.Deploy.0 = Release|x64
		{4B5560B1-7805-4A3E-92AE-098F25C45DDA}.Release|x86.ActiveCfg = Release|Any CPU
		{4B5560B1-7805-4A3E-92AE-098F25C45DDA}.Release|x86.Build.0 = Release|Any CPU
		{4B5560B1-7805-4A3E-92AE-098F25C45DDA}.Release|x86.Deploy.0 = Release|Any CPU
		{5F3DA434-6CAC-4EF0-89E6-0D37C0949657}.Ad-Hoc|Any CPU.ActiveCfg = Ad-Hoc|iPhone
		{5F3DA434-6CAC-4EF0-89E6-0D37C0949657}.Ad-Hoc|ARM.ActiveCfg = Ad-Hoc|iPhone
		{5F3DA434-6CAC-4EF0-89E6-0D37C0949657}.Ad-Hoc|iPhone.ActiveCfg = Ad-Hoc|iPhone
		{5F3DA434-6CAC-4EF0-89E6-0D37C0949657}.Ad-Hoc|iPhone.Build.0 = Ad-Hoc|iPhone
		{5F3DA434-6CAC-4EF0-89E6-0D37C0949657}.Ad-Hoc|iPhoneSimulator.ActiveCfg = Ad-Hoc|iPhoneSimulator
		{5F3DA434-6CAC-4EF0-89E6-0D37C0949657}.Ad-Hoc|iPhoneSimulator.Build.0 = Ad-Hoc|iPhoneSimulator
		{5F3DA434-6CAC-4EF0-89E6-0D37C0949657}.Ad-Hoc|x64.ActiveCfg = Ad-Hoc|iPhoneSimulator
		{5F3DA434-6CAC-4EF0-89E6-0D37C0949657}.Ad-Hoc|x86.ActiveCfg = Ad-Hoc|iPhone
		{5F3DA434-6CAC-4EF0-89E6-0D37C0949657}.AppStore|Any CPU.ActiveCfg = AppStore|iPhone
		{5F3DA434-6CAC-4EF0-89E6-0D37C0949657}.AppStore|ARM.ActiveCfg = AppStore|iPhone
		{5F3DA434-6CAC-4EF0-89E6-0D37C0949657}.AppStore|iPhone.ActiveCfg = AppStore|iPhone
		{5F3DA434-6CAC-4EF0-89E6-0D37C0949657}.AppStore|iPhone.Build.0 = AppStore|iPhone
		{5F3DA434-6CAC-4EF0-89E6-0D37C0949657}.AppStore|iPhoneSimulator.ActiveCfg = AppStore|iPhoneSimulator
		{5F3DA434-6CAC-4EF0-89E6-0D37C0949657}.AppStore|iPhoneSimulator.Build.0 = AppStore|iPhoneSimulator
		{5F3DA434-6CAC-4EF0-89E6-0D37C0949657}.AppStore|x64.ActiveCfg = AppStore|iPhoneSimulator
		{5F3DA434-6CAC-4EF0-89E6-0D37C0949657}.AppStore|x86.ActiveCfg = AppStore|iPhone
		{5F3DA434-6CAC-4EF0-89E6-0D37C0949657}.Debug|Any CPU.ActiveCfg = Debug|iPhone
		{5F3DA434-6CAC-4EF0-89E6-0D37C0949657}.Debug|ARM.ActiveCfg = Debug|iPhone
		{5F3DA434-6CAC-4EF0-89E6-0D37C0949657}.Debug|iPhone.ActiveCfg = Debug|iPhone
		{5F3DA434-6CAC-4EF0-89E6-0D37C0949657}.Debug|iPhone.Build.0 = Debug|iPhone
		{5F3DA434-6CAC-4EF0-89E6-0D37C0949657}.Debug|iPhoneSimulator.ActiveCfg = Debug|iPhoneSimulator
		{5F3DA434-6CAC-4EF0-89E6-0D37C0949657}.Debug|iPhoneSimulator.Build.0 = Debug|iPhoneSimulator
		{5F3DA434-6CAC-4EF0-89E6-0D37C0949657}.Debug|x64.ActiveCfg = Debug|iPhoneSimulator
		{5F3DA434-6CAC-4EF0-89E6-0D37C0949657}.Debug|x86.ActiveCfg = Debug|iPhone
		{5F3DA434-6CAC-4EF0-89E6-0D37C0949657}.Release|Any CPU.ActiveCfg = Release|iPhone
		{5F3DA434-6CAC-4EF0-89E6-0D37C0949657}.Release|ARM.ActiveCfg = Release|iPhone
		{5F3DA434-6CAC-4EF0-89E6-0D37C0949657}.Release|iPhone.ActiveCfg = Release|iPhone
		{5F3DA434-6CAC-4EF0-89E6-0D37C0949657}.Release|iPhone.Build.0 = Release|iPhone
		{5F3DA434-6CAC-4EF0-89E6-0D37C0949657}.Release|iPhoneSimulator.ActiveCfg = Release|iPhoneSimulator
		{5F3DA434-6CAC-4EF0-89E6-0D37C0949657}.Release|iPhoneSimulator.Build.0 = Release|iPhoneSimulator
		{5F3DA434-6CAC-4EF0-89E6-0D37C0949657}.Release|x64.ActiveCfg = Release|iPhoneSimulator
		{5F3DA434-6CAC-4EF0-89E6-0D37C0949657}.Release|x86.ActiveCfg = Release|iPhone
		{EE60CF55-EFCD-4981-B1F5-927E5AD381EF}.Ad-Hoc|Any CPU.ActiveCfg = Release|Any CPU
		{EE60CF55-EFCD-4981-B1F5-927E5AD381EF}.Ad-Hoc|Any CPU.Build.0 = Release|Any CPU
		{EE60CF55-EFCD-4981-B1F5-927E5AD381EF}.Ad-Hoc|Any CPU.Deploy.0 = Release|Any CPU
		{EE60CF55-EFCD-4981-B1F5-927E5AD381EF}.Ad-Hoc|ARM.ActiveCfg = Release|ARM
		{EE60CF55-EFCD-4981-B1F5-927E5AD381EF}.Ad-Hoc|ARM.Build.0 = Release|ARM
		{EE60CF55-EFCD-4981-B1F5-927E5AD381EF}.Ad-Hoc|ARM.Deploy.0 = Release|ARM
		{EE60CF55-EFCD-4981-B1F5-927E5AD381EF}.Ad-Hoc|iPhone.ActiveCfg = Release|Any CPU
		{EE60CF55-EFCD-4981-B1F5-927E5AD381EF}.Ad-Hoc|iPhone.Build.0 = Release|Any CPU
		{EE60CF55-EFCD-4981-B1F5-927E5AD381EF}.Ad-Hoc|iPhone.Deploy.0 = Release|Any CPU
		{EE60CF55-EFCD-4981-B1F5-927E5AD381EF}.Ad-Hoc|iPhoneSimulator.ActiveCfg = Release|Any CPU
		{EE60CF55-EFCD-4981-B1F5-927E5AD381EF}.Ad-Hoc|iPhoneSimulator.Build.0 = Release|Any CPU
		{EE60CF55-EFCD-4981-B1F5-927E5AD381EF}.Ad-Hoc|iPhoneSimulator.Deploy.0 = Release|Any CPU
		{EE60CF55-EFCD-4981-B1F5-927E5AD381EF}.Ad-Hoc|x64.ActiveCfg = Debug|Any CPU
		{EE60CF55-EFCD-4981-B1F5-927E5AD381EF}.Ad-Hoc|x64.Build.0 = Debug|Any CPU
		{EE60CF55-EFCD-4981-B1F5-927E5AD381EF}.Ad-Hoc|x64.Deploy.0 = Debug|Any CPU
		{EE60CF55-EFCD-4981-B1F5-927E5AD381EF}.Ad-Hoc|x86.ActiveCfg = Release|x86
		{EE60CF55-EFCD-4981-B1F5-927E5AD381EF}.Ad-Hoc|x86.Build.0 = Release|x86
		{EE60CF55-EFCD-4981-B1F5-927E5AD381EF}.Ad-Hoc|x86.Deploy.0 = Release|x86
		{EE60CF55-EFCD-4981-B1F5-927E5AD381EF}.AppStore|Any CPU.ActiveCfg = Release|Any CPU
		{EE60CF55-EFCD-4981-B1F5-927E5AD381EF}.AppStore|Any CPU.Build.0 = Release|Any CPU
		{EE60CF55-EFCD-4981-B1F5-927E5AD381EF}.AppStore|Any CPU.Deploy.0 = Release|Any CPU
		{EE60CF55-EFCD-4981-B1F5-927E5AD381EF}.AppStore|ARM.ActiveCfg = Release|ARM
		{EE60CF55-EFCD-4981-B1F5-927E5AD381EF}.AppStore|ARM.Build.0 = Release|ARM
		{EE60CF55-EFCD-4981-B1F5-927E5AD381EF}.AppStore|ARM.Deploy.0 = Release|ARM
		{EE60CF55-EFCD-4981-B1F5-927E5AD381EF}.AppStore|iPhone.ActiveCfg = Release|Any CPU
		{EE60CF55-EFCD-4981-B1F5-927E5AD381EF}.AppStore|iPhone.Build.0 = Release|Any CPU
		{EE60CF55-EFCD-4981-B1F5-927E5AD381EF}.AppStore|iPhone.Deploy.0 = Release|Any CPU
		{EE60CF55-EFCD-4981-B1F5-927E5AD381EF}.AppStore|iPhoneSimulator.ActiveCfg = Release|Any CPU
		{EE60CF55-EFCD-4981-B1F5-927E5AD381EF}.AppStore|iPhoneSimulator.Build.0 = Release|Any CPU
		{EE60CF55-EFCD-4981-B1F5-927E5AD381EF}.AppStore|iPhoneSimulator.Deploy.0 = Release|Any CPU
		{EE60CF55-EFCD-4981-B1F5-927E5AD381EF}.AppStore|x64.ActiveCfg = Debug|Any CPU
		{EE60CF55-EFCD-4981-B1F5-927E5AD381EF}.AppStore|x64.Build.0 = Debug|Any CPU
		{EE60CF55-EFCD-4981-B1F5-927E5AD381EF}.AppStore|x64.Deploy.0 = Debug|Any CPU
		{EE60CF55-EFCD-4981-B1F5-927E5AD381EF}.AppStore|x86.ActiveCfg = Release|x86
		{EE60CF55-EFCD-4981-B1F5-927E5AD381EF}.AppStore|x86.Build.0 = Release|x86
		{EE60CF55-EFCD-4981-B1F5-927E5AD381EF}.AppStore|x86.Deploy.0 = Release|x86
		{EE60CF55-EFCD-4981-B1F5-927E5AD381EF}.Debug|Any CPU.ActiveCfg = Debug|Any CPU
		{EE60CF55-EFCD-4981-B1F5-927E5AD381EF}.Debug|Any CPU.Build.0 = Debug|Any CPU
		{EE60CF55-EFCD-4981-B1F5-927E5AD381EF}.Debug|Any CPU.Deploy.0 = Debug|Any CPU
		{EE60CF55-EFCD-4981-B1F5-927E5AD381EF}.Debug|ARM.ActiveCfg = Debug|ARM
		{EE60CF55-EFCD-4981-B1F5-927E5AD381EF}.Debug|ARM.Build.0 = Debug|ARM
		{EE60CF55-EFCD-4981-B1F5-927E5AD381EF}.Debug|ARM.Deploy.0 = Debug|ARM
		{EE60CF55-EFCD-4981-B1F5-927E5AD381EF}.Debug|iPhone.ActiveCfg = Debug|Any CPU
		{EE60CF55-EFCD-4981-B1F5-927E5AD381EF}.Debug|iPhone.Build.0 = Debug|Any CPU
		{EE60CF55-EFCD-4981-B1F5-927E5AD381EF}.Debug|iPhone.Deploy.0 = Debug|Any CPU
		{EE60CF55-EFCD-4981-B1F5-927E5AD381EF}.Debug|iPhoneSimulator.ActiveCfg = Debug|Any CPU
		{EE60CF55-EFCD-4981-B1F5-927E5AD381EF}.Debug|iPhoneSimulator.Build.0 = Debug|Any CPU
		{EE60CF55-EFCD-4981-B1F5-927E5AD381EF}.Debug|iPhoneSimulator.Deploy.0 = Debug|Any CPU
		{EE60CF55-EFCD-4981-B1F5-927E5AD381EF}.Debug|x64.ActiveCfg = Debug|Any CPU
		{EE60CF55-EFCD-4981-B1F5-927E5AD381EF}.Debug|x64.Build.0 = Debug|Any CPU
		{EE60CF55-EFCD-4981-B1F5-927E5AD381EF}.Debug|x64.Deploy.0 = Debug|Any CPU
		{EE60CF55-EFCD-4981-B1F5-927E5AD381EF}.Debug|x86.ActiveCfg = Debug|x86
		{EE60CF55-EFCD-4981-B1F5-927E5AD381EF}.Debug|x86.Build.0 = Debug|x86
		{EE60CF55-EFCD-4981-B1F5-927E5AD381EF}.Debug|x86.Deploy.0 = Debug|x86
		{EE60CF55-EFCD-4981-B1F5-927E5AD381EF}.Release|Any CPU.ActiveCfg = Release|Any CPU
		{EE60CF55-EFCD-4981-B1F5-927E5AD381EF}.Release|Any CPU.Build.0 = Release|Any CPU
		{EE60CF55-EFCD-4981-B1F5-927E5AD381EF}.Release|Any CPU.Deploy.0 = Release|Any CPU
		{EE60CF55-EFCD-4981-B1F5-927E5AD381EF}.Release|ARM.ActiveCfg = Release|ARM
		{EE60CF55-EFCD-4981-B1F5-927E5AD381EF}.Release|ARM.Build.0 = Release|ARM
		{EE60CF55-EFCD-4981-B1F5-927E5AD381EF}.Release|ARM.Deploy.0 = Release|ARM
		{EE60CF55-EFCD-4981-B1F5-927E5AD381EF}.Release|iPhone.ActiveCfg = Release|Any CPU
		{EE60CF55-EFCD-4981-B1F5-927E5AD381EF}.Release|iPhone.Build.0 = Release|Any CPU
		{EE60CF55-EFCD-4981-B1F5-927E5AD381EF}.Release|iPhone.Deploy.0 = Release|Any CPU
		{EE60CF55-EFCD-4981-B1F5-927E5AD381EF}.Release|iPhoneSimulator.ActiveCfg = Release|Any CPU
		{EE60CF55-EFCD-4981-B1F5-927E5AD381EF}.Release|iPhoneSimulator.Build.0 = Release|Any CPU
		{EE60CF55-EFCD-4981-B1F5-927E5AD381EF}.Release|iPhoneSimulator.Deploy.0 = Release|Any CPU
		{EE60CF55-EFCD-4981-B1F5-927E5AD381EF}.Release|x64.ActiveCfg = Release|Any CPU
		{EE60CF55-EFCD-4981-B1F5-927E5AD381EF}.Release|x64.Build.0 = Release|Any CPU
		{EE60CF55-EFCD-4981-B1F5-927E5AD381EF}.Release|x64.Deploy.0 = Release|Any CPU
		{EE60CF55-EFCD-4981-B1F5-927E5AD381EF}.Release|x86.ActiveCfg = Release|x86
		{EE60CF55-EFCD-4981-B1F5-927E5AD381EF}.Release|x86.Build.0 = Release|x86
		{EE60CF55-EFCD-4981-B1F5-927E5AD381EF}.Release|x86.Deploy.0 = Release|x86
	EndGlobalSection
	GlobalSection(SharedMSBuildProjectFiles) = preSolution
		Shared\Shared.projitems*{ee60cf55-efcd-4981-b1f5-927e5ad381ef}*SharedItemsImports = 4
		Shared\Shared.projitems*{3f6c8c89-67c5-42f8-b2c2-7b56beddba66}*SharedItemsImports = 13
		Shared\Shared.projitems*{4b5560b1-7805-4a3e-92ae-098f25c45dda}*SharedItemsImports = 4
		Shared\Shared.projitems*{5f3da434-6cac-4ef0-89e6-0d37c0949657}*SharedItemsImports = 4
	EndGlobalSection
	GlobalSection(SolutionProperties) = preSolution
		HideSolutionNode = FALSE
	EndGlobalSection
EndGlobal
